// !$*UTF8*$!
{
	archiveVersion = 1;
	classes = {
	};
	objectVersion = 46;
	objects = {

/* Begin PBXBuildFile section */
		A52734F51B9D8C7A00E44FC2 /* main.m in Sources */ = {isa = PBXBuildFile; fileRef = A52734F41B9D8C7A00E44FC2 /* main.m */; };
		A52734F81B9D8C7A00E44FC2 /* AppDelegate.m in Sources */ = {isa = PBXBuildFile; fileRef = A52734F71B9D8C7A00E44FC2 /* AppDelegate.m */; };
		A52734FB1B9D8C7A00E44FC2 /* ViewController.m in Sources */ = {isa = PBXBuildFile; fileRef = A52734FA1B9D8C7A00E44FC2 /* ViewController.m */; };
		A52734FE1B9D8C7A00E44FC2 /* Main.storyboard in Resources */ = {isa = PBXBuildFile; fileRef = A52734FC1B9D8C7A00E44FC2 /* Main.storyboard */; };
		A52735001B9D8C7A00E44FC2 /* Images.xcassets in Resources */ = {isa = PBXBuildFile; fileRef = A52734FF1B9D8C7A00E44FC2 /* Images.xcassets */; };
		A52735031B9D8C7A00E44FC2 /* LaunchScreen.xib in Resources */ = {isa = PBXBuildFile; fileRef = A52735011B9D8C7A00E44FC2 /* LaunchScreen.xib */; };
		A527350F1B9D8C7A00E44FC2 /* TelepatTests.m in Sources */ = {isa = PBXBuildFile; fileRef = A527350E1B9D8C7A00E44FC2 /* TelepatTests.m */; };
/* End PBXBuildFile section */

/* Begin PBXContainerItemProxy section */
		A52735091B9D8C7A00E44FC2 /* PBXContainerItemProxy */ = {
			isa = PBXContainerItemProxy;
			containerPortal = A52734E71B9D8C7A00E44FC2 /* Project object */;
			proxyType = 1;
			remoteGlobalIDString = A52734EE1B9D8C7A00E44FC2;
			remoteInfo = Telepat;
		};
/* End PBXContainerItemProxy section */

/* Begin PBXFileReference section */
		A52734EF1B9D8C7A00E44FC2 /* Telepat.app */ = {isa = PBXFileReference; explicitFileType = wrapper.application; includeInIndex = 0; path = Telepat.app; sourceTree = BUILT_PRODUCTS_DIR; };
		A52734F31B9D8C7A00E44FC2 /* Info.plist */ = {isa = PBXFileReference; lastKnownFileType = text.plist.xml; path = Info.plist; sourceTree = "<group>"; };
		A52734F41B9D8C7A00E44FC2 /* main.m */ = {isa = PBXFileReference; lastKnownFileType = sourcecode.c.objc; path = main.m; sourceTree = "<group>"; };
		A52734F61B9D8C7A00E44FC2 /* AppDelegate.h */ = {isa = PBXFileReference; lastKnownFileType = sourcecode.c.h; path = AppDelegate.h; sourceTree = "<group>"; };
		A52734F71B9D8C7A00E44FC2 /* AppDelegate.m */ = {isa = PBXFileReference; lastKnownFileType = sourcecode.c.objc; path = AppDelegate.m; sourceTree = "<group>"; };
		A52734F91B9D8C7A00E44FC2 /* ViewController.h */ = {isa = PBXFileReference; lastKnownFileType = sourcecode.c.h; path = ViewController.h; sourceTree = "<group>"; };
		A52734FA1B9D8C7A00E44FC2 /* ViewController.m */ = {isa = PBXFileReference; lastKnownFileType = sourcecode.c.objc; path = ViewController.m; sourceTree = "<group>"; };
		A52734FD1B9D8C7A00E44FC2 /* Base */ = {isa = PBXFileReference; lastKnownFileType = file.storyboard; name = Base; path = Base.lproj/Main.storyboard; sourceTree = "<group>"; };
		A52734FF1B9D8C7A00E44FC2 /* Images.xcassets */ = {isa = PBXFileReference; lastKnownFileType = folder.assetcatalog; path = Images.xcassets; sourceTree = "<group>"; };
		A52735021B9D8C7A00E44FC2 /* Base */ = {isa = PBXFileReference; lastKnownFileType = file.xib; name = Base; path = Base.lproj/LaunchScreen.xib; sourceTree = "<group>"; };
		A52735081B9D8C7A00E44FC2 /* TelepatTests.xctest */ = {isa = PBXFileReference; explicitFileType = wrapper.cfbundle; includeInIndex = 0; path = TelepatTests.xctest; sourceTree = BUILT_PRODUCTS_DIR; };
		A527350D1B9D8C7A00E44FC2 /* Info.plist */ = {isa = PBXFileReference; lastKnownFileType = text.plist.xml; path = Info.plist; sourceTree = "<group>"; };
		A527350E1B9D8C7A00E44FC2 /* TelepatTests.m */ = {isa = PBXFileReference; lastKnownFileType = sourcecode.c.objc; path = TelepatTests.m; sourceTree = "<group>"; };
/* End PBXFileReference section */

/* Begin PBXFrameworksBuildPhase section */
		A52734EC1B9D8C7A00E44FC2 /* Frameworks */ = {
			isa = PBXFrameworksBuildPhase;
			buildActionMask = 2147483647;
			files = (
			);
			runOnlyForDeploymentPostprocessing = 0;
		};
		A52735051B9D8C7A00E44FC2 /* Frameworks */ = {
			isa = PBXFrameworksBuildPhase;
			buildActionMask = 2147483647;
			files = (
			);
			runOnlyForDeploymentPostprocessing = 0;
		};
/* End PBXFrameworksBuildPhase section */

/* Begin PBXGroup section */
		A52734E61B9D8C7A00E44FC2 = {
			isa = PBXGroup;
			children = (
				A52734F11B9D8C7A00E44FC2 /* Telepat */,
				A527350B1B9D8C7A00E44FC2 /* TelepatTests */,
				A52734F01B9D8C7A00E44FC2 /* Products */,
			);
			sourceTree = "<group>";
		};
		A52734F01B9D8C7A00E44FC2 /* Products */ = {
			isa = PBXGroup;
			children = (
				A52734EF1B9D8C7A00E44FC2 /* Telepat.app */,
				A52735081B9D8C7A00E44FC2 /* TelepatTests.xctest */,
			);
			name = Products;
			sourceTree = "<group>";
		};
		A52734F11B9D8C7A00E44FC2 /* Telepat */ = {
			isa = PBXGroup;
			children = (
				A52734F61B9D8C7A00E44FC2 /* AppDelegate.h */,
				A52734F71B9D8C7A00E44FC2 /* AppDelegate.m */,
				A52734F91B9D8C7A00E44FC2 /* ViewController.h */,
				A52734FA1B9D8C7A00E44FC2 /* ViewController.m */,
				A52734FC1B9D8C7A00E44FC2 /* Main.storyboard */,
				A52734FF1B9D8C7A00E44FC2 /* Images.xcassets */,
				A52735011B9D8C7A00E44FC2 /* LaunchScreen.xib */,
				A52734F21B9D8C7A00E44FC2 /* Supporting Files */,
			);
			path = Telepat;
			sourceTree = "<group>";
		};
		A52734F21B9D8C7A00E44FC2 /* Supporting Files */ = {
			isa = PBXGroup;
			children = (
				A52734F31B9D8C7A00E44FC2 /* Info.plist */,
				A52734F41B9D8C7A00E44FC2 /* main.m */,
			);
			name = "Supporting Files";
			sourceTree = "<group>";
		};
		A527350B1B9D8C7A00E44FC2 /* TelepatTests */ = {
			isa = PBXGroup;
			children = (
				A527350E1B9D8C7A00E44FC2 /* TelepatTests.m */,
				A527350C1B9D8C7A00E44FC2 /* Supporting Files */,
			);
			path = TelepatTests;
			sourceTree = "<group>";
		};
		A527350C1B9D8C7A00E44FC2 /* Supporting Files */ = {
			isa = PBXGroup;
			children = (
				A527350D1B9D8C7A00E44FC2 /* Info.plist */,
			);
			name = "Supporting Files";
			sourceTree = "<group>";
		};
/* End PBXGroup section */

/* Begin PBXNativeTarget section */
		A52734EE1B9D8C7A00E44FC2 /* Telepat */ = {
			isa = PBXNativeTarget;
			buildConfigurationList = A52735121B9D8C7A00E44FC2 /* Build configuration list for PBXNativeTarget "Telepat" */;
			buildPhases = (
				A52734EB1B9D8C7A00E44FC2 /* Sources */,
				A52734EC1B9D8C7A00E44FC2 /* Frameworks */,
				A52734ED1B9D8C7A00E44FC2 /* Resources */,
			);
			buildRules = (
			);
			dependencies = (
			);
			name = Telepat;
			productName = Telepat;
			productReference = A52734EF1B9D8C7A00E44FC2 /* Telepat.app */;
			productType = "com.apple.product-type.application";
		};
		A52735071B9D8C7A00E44FC2 /* TelepatTests */ = {
			isa = PBXNativeTarget;
			buildConfigurationList = A52735151B9D8C7A00E44FC2 /* Build configuration list for PBXNativeTarget "TelepatTests" */;
			buildPhases = (
				A52735041B9D8C7A00E44FC2 /* Sources */,
				A52735051B9D8C7A00E44FC2 /* Frameworks */,
				A52735061B9D8C7A00E44FC2 /* Resources */,
			);
			buildRules = (
			);
			dependencies = (
				A527350A1B9D8C7A00E44FC2 /* PBXTargetDependency */,
			);
			name = TelepatTests;
			productName = TelepatTests;
			productReference = A52735081B9D8C7A00E44FC2 /* TelepatTests.xctest */;
			productType = "com.apple.product-type.bundle.unit-test";
		};
/* End PBXNativeTarget section */

/* Begin PBXProject section */
		A52734E71B9D8C7A00E44FC2 /* Project object */ = {
			isa = PBXProject;
			attributes = {
				LastUpgradeCheck = 0640;
				ORGANIZATIONNAME = Telepat;
				TargetAttributes = {
					A52734EE1B9D8C7A00E44FC2 = {
						CreatedOnToolsVersion = 6.4;
					};
					A52735071B9D8C7A00E44FC2 = {
						CreatedOnToolsVersion = 6.4;
						TestTargetID = A52734EE1B9D8C7A00E44FC2;
					};
				};
			};
			buildConfigurationList = A52734EA1B9D8C7A00E44FC2 /* Build configuration list for PBXProject "Telepat" */;
			compatibilityVersion = "Xcode 3.2";
			developmentRegion = English;
			hasScannedForEncodings = 0;
			knownRegions = (
				en,
				Base,
			);
			mainGroup = A52734E61B9D8C7A00E44FC2;
			productRefGroup = A52734F01B9D8C7A00E44FC2 /* Products */;
			projectDirPath = "";
			projectRoot = "";
			targets = (
				A52734EE1B9D8C7A00E44FC2 /* Telepat */,
				A52735071B9D8C7A00E44FC2 /* TelepatTests */,
			);
		};
/* End PBXProject section */

/* Begin PBXResourcesBuildPhase section */
		A52734ED1B9D8C7A00E44FC2 /* Resources */ = {
			isa = PBXResourcesBuildPhase;
			buildActionMask = 2147483647;
			files = (
				A52734FE1B9D8C7A00E44FC2 /* Main.storyboard in Resources */,
				A52735031B9D8C7A00E44FC2 /* LaunchScreen.xib in Resources */,
				A52735001B9D8C7A00E44FC2 /* Images.xcassets in Resources */,
			);
			runOnlyForDeploymentPostprocessing = 0;
		};
		A52735061B9D8C7A00E44FC2 /* Resources */ = {
			isa = PBXResourcesBuildPhase;
			buildActionMask = 2147483647;
			files = (
			);
			runOnlyForDeploymentPostprocessing = 0;
		};
/* End PBXResourcesBuildPhase section */

/* Begin PBXSourcesBuildPhase section */
		A52734EB1B9D8C7A00E44FC2 /* Sources */ = {
			isa = PBXSourcesBuildPhase;
			buildActionMask = 2147483647;
			files = (
				A52734FB1B9D8C7A00E44FC2 /* ViewController.m in Sources */,
				A52734F81B9D8C7A00E44FC2 /* AppDelegate.m in Sources */,
				A52734F51B9D8C7A00E44FC2 /* main.m in Sources */,
			);
			runOnlyForDeploymentPostprocessing = 0;
		};
		A52735041B9D8C7A00E44FC2 /* Sources */ = {
			isa = PBXSourcesBuildPhase;
			buildActionMask = 2147483647;
			files = (
				A527350F1B9D8C7A00E44FC2 /* TelepatTests.m in Sources */,
			);
			runOnlyForDeploymentPostprocessing = 0;
		};
/* End PBXSourcesBuildPhase section */

/* Begin PBXTargetDependency section */
		A527350A1B9D8C7A00E44FC2 /* PBXTargetDependency */ = {
			isa = PBXTargetDependency;
			target = A52734EE1B9D8C7A00E44FC2 /* Telepat */;
			targetProxy = A52735091B9D8C7A00E44FC2 /* PBXContainerItemProxy */;
		};
/* End PBXTargetDependency section */

/* Begin PBXVariantGroup section */
		A52734FC1B9D8C7A00E44FC2 /* Main.storyboard */ = {
			isa = PBXVariantGroup;
			children = (
				A52734FD1B9D8C7A00E44FC2 /* Base */,
			);
			name = Main.storyboard;
			sourceTree = "<group>";
		};
		A52735011B9D8C7A00E44FC2 /* LaunchScreen.xib */ = {
			isa = PBXVariantGroup;
			children = (
				A52735021B9D8C7A00E44FC2 /* Base */,
			);
			name = LaunchScreen.xib;
			sourceTree = "<group>";
		};
/* End PBXVariantGroup section */

/* Begin XCBuildConfiguration section */
		A52735101B9D8C7A00E44FC2 /* Debug */ = {
			isa = XCBuildConfiguration;
			buildSettings = {
				ALWAYS_SEARCH_USER_PATHS = NO;
				CLANG_CXX_LANGUAGE_STANDARD = "gnu++0x";
				CLANG_CXX_LIBRARY = "libc++";
				CLANG_ENABLE_MODULES = YES;
				CLANG_ENABLE_OBJC_ARC = YES;
				CLANG_WARN_BOOL_CONVERSION = YES;
				CLANG_WARN_CONSTANT_CONVERSION = YES;
				CLANG_WARN_DIRECT_OBJC_ISA_USAGE = YES_ERROR;
				CLANG_WARN_EMPTY_BODY = YES;
				CLANG_WARN_ENUM_CONVERSION = YES;
				CLANG_WARN_INT_CONVERSION = YES;
				CLANG_WARN_OBJC_ROOT_CLASS = YES_ERROR;
				CLANG_WARN_UNREACHABLE_CODE = YES;
				CLANG_WARN__DUPLICATE_METHOD_MATCH = YES;
				"CODE_SIGN_IDENTITY[sdk=iphoneos*]" = "iPhone Developer";
				COPY_PHASE_STRIP = NO;
				DEBUG_INFORMATION_FORMAT = "dwarf-with-dsym";
				ENABLE_STRICT_OBJC_MSGSEND = YES;
				GCC_C_LANGUAGE_STANDARD = gnu99;
				GCC_DYNAMIC_NO_PIC = NO;
				GCC_NO_COMMON_BLOCKS = YES;
				GCC_OPTIMIZATION_LEVEL = 0;
				GCC_PREPROCESSOR_DEFINITIONS = (
					"DEBUG=1",
					"$(inherited)",
				);
				GCC_SYMBOLS_PRIVATE_EXTERN = NO;
				GCC_WARN_64_TO_32_BIT_CONVERSION = YES;
				GCC_WARN_ABOUT_RETURN_TYPE = YES_ERROR;
				GCC_WARN_UNDECLARED_SELECTOR = YES;
				GCC_WARN_UNINITIALIZED_AUTOS = YES_AGGRESSIVE;
				GCC_WARN_UNUSED_FUNCTION = YES;
				GCC_WARN_UNUSED_VARIABLE = YES;
				IPHONEOS_DEPLOYMENT_TARGET = 8.4;
				MTL_ENABLE_DEBUG_INFO = YES;
				ONLY_ACTIVE_ARCH = YES;
				SDKROOT = iphoneos;
				TARGETED_DEVICE_FAMILY = "1,2";
			};
			name = Debug;
		};
		A52735111B9D8C7A00E44FC2 /* Release */ = {
			isa = XCBuildConfiguration;
			buildSettings = {
				ALWAYS_SEARCH_USER_PATHS = NO;
				CLANG_CXX_LANGUAGE_STANDARD = "gnu++0x";
				CLANG_CXX_LIBRARY = "libc++";
				CLANG_ENABLE_MODULES = YES;
				CLANG_ENABLE_OBJC_ARC = YES;
				CLANG_WARN_BOOL_CONVERSION = YES;
				CLANG_WARN_CONSTANT_CONVERSION = YES;
				CLANG_WARN_DIRECT_OBJC_ISA_USAGE = YES_ERROR;
				CLANG_WARN_EMPTY_BODY = YES;
				CLANG_WARN_ENUM_CONVERSION = YES;
				CLANG_WARN_INT_CONVERSION = YES;
				CLANG_WARN_OBJC_ROOT_CLASS = YES_ERROR;
				CLANG_WARN_UNREACHABLE_CODE = YES;
				CLANG_WARN__DUPLICATE_METHOD_MATCH = YES;
				"CODE_SIGN_IDENTITY[sdk=iphoneos*]" = "iPhone Developer";
				COPY_PHASE_STRIP = NO;
				DEBUG_INFORMATION_FORMAT = "dwarf-with-dsym";
				ENABLE_NS_ASSERTIONS = NO;
				ENABLE_STRICT_OBJC_MSGSEND = YES;
				GCC_C_LANGUAGE_STANDARD = gnu99;
				GCC_NO_COMMON_BLOCKS = YES;
				GCC_WARN_64_TO_32_BIT_CONVERSION = YES;
				GCC_WARN_ABOUT_RETURN_TYPE = YES_ERROR;
				GCC_WARN_UNDECLARED_SELECTOR = YES;
				GCC_WARN_UNINITIALIZED_AUTOS = YES_AGGRESSIVE;
				GCC_WARN_UNUSED_FUNCTION = YES;
				GCC_WARN_UNUSED_VARIABLE = YES;
				IPHONEOS_DEPLOYMENT_TARGET = 8.4;
				MTL_ENABLE_DEBUG_INFO = NO;
				SDKROOT = iphoneos;
				TARGETED_DEVICE_FAMILY = "1,2";
				VALIDATE_PRODUCT = YES;
			};
			name = Release;
		};
		A52735131B9D8C7A00E44FC2 /* Debug */ = {
			isa = XCBuildConfiguration;
			buildSettings = {
				ASSETCATALOG_COMPILER_APPICON_NAME = AppIcon;
				INFOPLIST_FILE = Telepat/Info.plist;
				LD_RUNPATH_SEARCH_PATHS = "$(inherited) @executable_path/Frameworks";
				PRODUCT_NAME = "$(TARGET_NAME)";
			};
			name = Debug;
		};
		A52735141B9D8C7A00E44FC2 /* Release */ = {
			isa = XCBuildConfiguration;
			buildSettings = {
				ASSETCATALOG_COMPILER_APPICON_NAME = AppIcon;
				INFOPLIST_FILE = Telepat/Info.plist;
				LD_RUNPATH_SEARCH_PATHS = "$(inherited) @executable_path/Frameworks";
				PRODUCT_NAME = "$(TARGET_NAME)";
			};
			name = Release;
		};
		A52735161B9D8C7A00E44FC2 /* Debug */ = {
			isa = XCBuildConfiguration;
			buildSettings = {
				BUNDLE_LOADER = "$(TEST_HOST)";
				FRAMEWORK_SEARCH_PATHS = (
					"$(SDKROOT)/Developer/Library/Frameworks",
					"$(inherited)",
				);
				GCC_PREPROCESSOR_DEFINITIONS = (
					"DEBUG=1",
					"$(inherited)",
				);
				INFOPLIST_FILE = TelepatTests/Info.plist;
				LD_RUNPATH_SEARCH_PATHS = "$(inherited) @executable_path/Frameworks @loader_path/Frameworks";
				PRODUCT_NAME = "$(TARGET_NAME)";
				TEST_HOST = "$(BUILT_PRODUCTS_DIR)/Telepat.app/Telepat";
			};
			name = Debug;
		};
		A52735171B9D8C7A00E44FC2 /* Release */ = {
			isa = XCBuildConfiguration;
			buildSettings = {
				BUNDLE_LOADER = "$(TEST_HOST)";
				FRAMEWORK_SEARCH_PATHS = (
					"$(SDKROOT)/Developer/Library/Frameworks",
					"$(inherited)",
				);
				INFOPLIST_FILE = TelepatTests/Info.plist;
				LD_RUNPATH_SEARCH_PATHS = "$(inherited) @executable_path/Frameworks @loader_path/Frameworks";
				PRODUCT_NAME = "$(TARGET_NAME)";
				TEST_HOST = "$(BUILT_PRODUCTS_DIR)/Telepat.app/Telepat";
			};
			name = Release;
		};
/* End XCBuildConfiguration section */

/* Begin XCConfigurationList section */
		A52734EA1B9D8C7A00E44FC2 /* Build configuration list for PBXProject "Telepat" */ = {
			isa = XCConfigurationList;
			buildConfigurations = (
				A52735101B9D8C7A00E44FC2 /* Debug */,
				A52735111B9D8C7A00E44FC2 /* Release */,
			);
			defaultConfigurationIsVisible = 0;
			defaultConfigurationName = Release;
		};
		A52735121B9D8C7A00E44FC2 /* Build configuration list for PBXNativeTarget "Telepat" */ = {
			isa = XCConfigurationList;
			buildConfigurations = (
				A52735131B9D8C7A00E44FC2 /* Debug */,
				A52735141B9D8C7A00E44FC2 /* Release */,
			);
			defaultConfigurationIsVisible = 0;
		};
		A52735151B9D8C7A00E44FC2 /* Build configuration list for PBXNativeTarget "TelepatTests" */ = {
			isa = XCConfigurationList;
			buildConfigurations = (
				A52735161B9D8C7A00E44FC2 /* Debug */,
				A52735171B9D8C7A00E44FC2 /* Release */,
			);
			defaultConfigurationIsVisible = 0;
		};
/* End XCConfigurationList section */
	};
	rootObject = A52734E71B9D8C7A00E44FC2 /* Project object */;
}
